<Project xmlns="http://schemas.microsoft.com/developer/msbuild/2003">
    <PropertyGroup>
        <Base>True</Base>
        <AppType>Application</AppType>
        <Config Condition="'$(Config)'==''">Debug</Config>
        <FrameworkType>FMX</FrameworkType>
        <MainSource>BrowserChooser.dpr</MainSource>
        <Platform Condition="'$(Platform)'==''">Win64</Platform>
        <ProjectGuid>{B80E00F9-9906-4DD9-8F9A-78E5E866376A}</ProjectGuid>
        <ProjectVersion>18.4</ProjectVersion>
        <TargetedPlatforms>3</TargetedPlatforms>
    </PropertyGroup>
    <PropertyGroup Condition="'$(Config)'=='Base' or '$(Base)'!=''">
        <Base>true</Base>
    </PropertyGroup>
    <PropertyGroup Condition="('$(Platform)'=='Win32' and '$(Base)'=='true') or '$(Base_Win32)'!=''">
        <Base_Win32>true</Base_Win32>
        <CfgParent>Base</CfgParent>
        <Base>true</Base>
    </PropertyGroup>
    <PropertyGroup Condition="('$(Platform)'=='Win64' and '$(Base)'=='true') or '$(Base_Win64)'!=''">
        <Base_Win64>true</Base_Win64>
        <CfgParent>Base</CfgParent>
        <Base>true</Base>
    </PropertyGroup>
    <PropertyGroup Condition="'$(Config)'=='Debug' or '$(Cfg_1)'!=''">
        <Cfg_1>true</Cfg_1>
        <CfgParent>Base</CfgParent>
        <Base>true</Base>
    </PropertyGroup>
    <PropertyGroup Condition="('$(Platform)'=='Win32' and '$(Cfg_1)'=='true') or '$(Cfg_1_Win32)'!=''">
        <Cfg_1_Win32>true</Cfg_1_Win32>
        <CfgParent>Cfg_1</CfgParent>
        <Cfg_1>true</Cfg_1>
        <Base>true</Base>
    </PropertyGroup>
    <PropertyGroup Condition="('$(Platform)'=='Win64' and '$(Cfg_1)'=='true') or '$(Cfg_1_Win64)'!=''">
        <Cfg_1_Win64>true</Cfg_1_Win64>
        <CfgParent>Cfg_1</CfgParent>
        <Cfg_1>true</Cfg_1>
        <Base>true</Base>
    </PropertyGroup>
    <PropertyGroup Condition="'$(Config)'=='Release' or '$(Cfg_2)'!=''">
        <Cfg_2>true</Cfg_2>
        <CfgParent>Base</CfgParent>
        <Base>true</Base>
    </PropertyGroup>
    <PropertyGroup Condition="('$(Platform)'=='Win32' and '$(Cfg_2)'=='true') or '$(Cfg_2_Win32)'!=''">
        <Cfg_2_Win32>true</Cfg_2_Win32>
        <CfgParent>Cfg_2</CfgParent>
        <Cfg_2>true</Cfg_2>
        <Base>true</Base>
    </PropertyGroup>
    <PropertyGroup Condition="('$(Platform)'=='Win64' and '$(Cfg_2)'=='true') or '$(Cfg_2_Win64)'!=''">
        <Cfg_2_Win64>true</Cfg_2_Win64>
        <CfgParent>Cfg_2</CfgParent>
        <Cfg_2>true</Cfg_2>
        <Base>true</Base>
    </PropertyGroup>
    <PropertyGroup Condition="'$(Base)'!=''">
        <SanitizedProjectName>BrowserChooser</SanitizedProjectName>
        <AUP_ACCESS_COARSE_LOCATION>true</AUP_ACCESS_COARSE_LOCATION>
        <AUP_ACCESS_FINE_LOCATION>true</AUP_ACCESS_FINE_LOCATION>
        <AUP_CALL_PHONE>true</AUP_CALL_PHONE>
        <AUP_CAMERA>true</AUP_CAMERA>
        <AUP_INTERNET>true</AUP_INTERNET>
        <AUP_READ_CALENDAR>true</AUP_READ_CALENDAR>
        <AUP_READ_EXTERNAL_STORAGE>true</AUP_READ_EXTERNAL_STORAGE>
        <AUP_READ_PHONE_STATE>true</AUP_READ_PHONE_STATE>
        <AUP_WRITE_CALENDAR>true</AUP_WRITE_CALENDAR>
        <AUP_WRITE_EXTERNAL_STORAGE>true</AUP_WRITE_EXTERNAL_STORAGE>
        <DCC_DcuOutput>.\$(Platform)\$(Config)</DCC_DcuOutput>
        <DCC_ExeOutput>.\$(Platform)\$(Config)</DCC_ExeOutput>
        <DCC_Namespace>System;Xml;Data;Datasnap;Web;Soap;$(DCC_Namespace)</DCC_Namespace>
        <DCC_UsePackage>RESTComponents;FireDACIBDriver;FireDACCommon;RESTBackendComponents;soapserver;CloudService;FireDACCommonDriver;inet;FireDAC;FireDACSqliteDriver;soaprtl;soapmidas;$(DCC_UsePackage)</DCC_UsePackage>
        <Icns_MainIcns>$(BDS)\bin\delphi_PROJECTICNS.icns</Icns_MainIcns>
        <Icon_MainIcon>$(BDS)\bin\delphi_PROJECTICON.ico</Icon_MainIcon>
    </PropertyGroup>
    <PropertyGroup Condition="'$(Base_Win32)'!=''">
        <BT_BuildType>Debug</BT_BuildType>
        <DCC_Namespace>Winapi;System.Win;Data.Win;Datasnap.Win;Web.Win;Soap.Win;Xml.Win;Bde;$(DCC_Namespace)</DCC_Namespace>
        <DCC_UsePackage>DBXSqliteDriver;DBXInterBaseDriver;OverbyteIcsD102Run;vclactnband;vclFireDAC;tethering;svnui;JvGlobus;FireDACADSDriver;CMPackage;JvPluginSystem;JvMM;tmsxlsdXE11;vcltouch;JvBands;VCLTMSFNCCorePkgDXE11;vcldb;bindcompfmx;svn;Intraweb;JvJans;JvNet;inetdb;JvAppFrm;FmxTeeUI;JvDotNetCtrls;AbbreviaVCLD;fmx;fmxdae;RadiantShapesFmx;tmsdXE11;vclib;compufit;JvWizards;tmsexdXE11;dbexpress;IndyCore;vclx;JvPageComps;dsnap;iot;fmxinfopower;FixInsight_10_2;JvDB;bdertl;FMXTMSFNCCorePkgDXE11;pkfindfile;VCLRESTComponents;FMXTMSFNCUIPackPkgDXE11;JclDeveloperTools;QRWRunDXE10_2_w64;vclie;bindengine;DBXMySQLDriver;JvCmp;FireDACMySQLDriver;JvHMI;FireDACCommonODBC;bindcompdbx;IndyIPCommon;JvCustom;vcl;IndyIPServer;FormStrs;PKIECtrl25;JvXPCtrls;IndySystem;VCLTMSFNCUIPackPkgDXE11;dsnapcon;FireDACMSAccDriver;fmxFireDAC;vclimg;TeeDB;Jcl;JvCore;JvCrypt;FireDACPgDriver;ibmonitor;transymocr;FMXTee;DbxCommonDriver;AsyncProDR;JvDlgs;ibxpress;Tee;JvManagedThreads;JvRuntimeDesign;xmlrtl;ibxbindings;fmxobj;vclwinx;JvTimeFramework;rtl;DbxClientDriver;CustomIPTransport;vcldsnap;dcliot;DOSCommandDR;JvSystem;JvStdCtrls;bindcomp;appanalytics;tmswizdXE11;IndyIPClient;EurekaLogCore;bindcompvcl;TeeUI;TMSFMXPackPkgDXE11;PKIEDB25;dbxcds;VclSmp;JvDocking;adortl;RadiantShapesFmx_Design;JvPascalInterpreter;JclVcl;dsnapxml;dbrtl;inetdbxpress;IndyProtocols;JvControls;JvPrintPreview;JclContainers;fmxase;$(DCC_UsePackage)</DCC_UsePackage>
        <Manifest_File>$(BDS)\bin\default_app.manifest</Manifest_File>
        <UWP_DelphiLogo150>$(BDS)\bin\Artwork\Windows\UWP\delphi_UwpDefault_150.png</UWP_DelphiLogo150>
        <UWP_DelphiLogo44>$(BDS)\bin\Artwork\Windows\UWP\delphi_UwpDefault_44.png</UWP_DelphiLogo44>
        <VerInfo_IncludeVerInfo>true</VerInfo_IncludeVerInfo>
        <VerInfo_Keys>CompanyName=;FileDescription=$(MSBuildProjectName);FileVersion=1.0.0.0;InternalName=;LegalCopyright=;LegalTrademarks=;OriginalFilename=;ProgramID=com.embarcadero.$(MSBuildProjectName);ProductName=$(MSBuildProjectName);ProductVersion=1.0.0.0;Comments=</VerInfo_Keys>
        <VerInfo_Locale>1033</VerInfo_Locale>
    </PropertyGroup>
    <PropertyGroup Condition="'$(Base_Win64)'!=''">
        <BT_BuildType>Debug</BT_BuildType>
        <DCC_Namespace>Winapi;System.Win;Data.Win;Datasnap.Win;Web.Win;Soap.Win;Xml.Win;$(DCC_Namespace)</DCC_Namespace>
        <DCC_UsePackage>DBXSqliteDriver;DBXInterBaseDriver;OverbyteIcsD102Run;vclactnband;vclFireDAC;tethering;FireDACADSDriver;vcltouch;VCLTMSFNCCorePkgDXE11;vcldb;bindcompfmx;Intraweb;inetdb;FmxTeeUI;AbbreviaVCLD;fmx;fmxdae;RadiantShapesFmx;tmsdXE11;vclib;tmsexdXE11;dbexpress;IndyCore;vclx;dsnap;iot;fmxinfopower;FMXTMSFNCCorePkgDXE11;pkfindfile;VCLRESTComponents;FMXTMSFNCUIPackPkgDXE11;QRWRunDXE10_2_w64;vclie;bindengine;DBXMySQLDriver;FireDACMySQLDriver;FireDACCommonODBC;bindcompdbx;IndyIPCommon;vcl;IndyIPServer;PKIECtrl25;IndySystem;VCLTMSFNCUIPackPkgDXE11;dsnapcon;FireDACMSAccDriver;fmxFireDAC;vclimg;TeeDB;FireDACPgDriver;ibmonitor;transymocr;FMXTee;DbxCommonDriver;AsyncProDR;ibxpress;Tee;xmlrtl;ibxbindings;fmxobj;vclwinx;rtl;DbxClientDriver;CustomIPTransport;vcldsnap;dcliot;DOSCommandDR;bindcomp;appanalytics;IndyIPClient;bindcompvcl;TeeUI;PKIEDB25;dbxcds;VclSmp;adortl;dsnapxml;dbrtl;inetdbxpress;IndyProtocols;fmxase;$(DCC_UsePackage)</DCC_UsePackage>
        <Manifest_File>$(BDS)\bin\default_app.manifest</Manifest_File>
        <UWP_DelphiLogo150>$(BDS)\bin\Artwork\Windows\UWP\delphi_UwpDefault_150.png</UWP_DelphiLogo150>
        <UWP_DelphiLogo44>$(BDS)\bin\Artwork\Windows\UWP\delphi_UwpDefault_44.png</UWP_DelphiLogo44>
        <VerInfo_IncludeVerInfo>true</VerInfo_IncludeVerInfo>
        <VerInfo_Keys>CompanyName=;FileDescription=$(MSBuildProjectName);FileVersion=1.0.0.0;InternalName=;LegalCopyright=;LegalTrademarks=;OriginalFilename=;ProgramID=com.embarcadero.$(MSBuildProjectName);ProductName=$(MSBuildProjectName);ProductVersion=1.0.0.0;Comments=</VerInfo_Keys>
        <VerInfo_Locale>1033</VerInfo_Locale>
    </PropertyGroup>
    <PropertyGroup Condition="'$(Cfg_1)'!=''">
        <DCC_DebugDCUs>true</DCC_DebugDCUs>
        <DCC_DebugInfoInExe>true</DCC_DebugInfoInExe>
        <DCC_Define>DEBUG;$(DCC_Define)</DCC_Define>
        <DCC_GenerateStackFrames>true</DCC_GenerateStackFrames>
        <DCC_Optimize>false</DCC_Optimize>
        <DCC_RemoteDebug>true</DCC_RemoteDebug>
    </PropertyGroup>
    <PropertyGroup Condition="'$(Cfg_1_Win32)'!=''">
        <AppEnableHighDPI>true</AppEnableHighDPI>
        <AppEnableRuntimeThemes>true</AppEnableRuntimeThemes>
        <DCC_RemoteDebug>false</DCC_RemoteDebug>
    </PropertyGroup>
    <PropertyGroup Condition="'$(Cfg_1_Win64)'!=''">
        <AppEnableHighDPI>true</AppEnableHighDPI>
        <AppEnableRuntimeThemes>true</AppEnableRuntimeThemes>
    </PropertyGroup>
    <PropertyGroup Condition="'$(Cfg_2)'!=''">
        <DCC_DebugInformation>0</DCC_DebugInformation>
        <DCC_Define>RELEASE;$(DCC_Define)</DCC_Define>
        <DCC_LocalDebugSymbols>false</DCC_LocalDebugSymbols>
        <DCC_SymbolReferenceInfo>0</DCC_SymbolReferenceInfo>
    </PropertyGroup>
    <PropertyGroup Condition="'$(Cfg_2_Win32)'!=''">
        <AppEnableHighDPI>true</AppEnableHighDPI>
        <AppEnableRuntimeThemes>true</AppEnableRuntimeThemes>
    </PropertyGroup>
    <PropertyGroup Condition="'$(Cfg_2_Win64)'!=''">
        <AppEnableHighDPI>true</AppEnableHighDPI>
        <AppEnableRuntimeThemes>true</AppEnableRuntimeThemes>
    </PropertyGroup>
    <ItemGroup>
        <DelphiCompile Include="$(MainSource)">
            <MainSource>MainSource</MainSource>
        </DelphiCompile>
        <DCCReference Include="frmOpenURL.pas">
            <Form>frmBrowserChooser</Form>
            <FormType>fmx</FormType>
        </DCCReference>
        <DCCReference Include="frmMain.pas">
            <Form>frmBrowserChooseDemo</Form>
            <FormType>fmx</FormType>
        </DCCReference>
        <BuildConfiguration Include="Base">
            <Key>Base</Key>
        </BuildConfiguration>
        <BuildConfiguration Include="Debug">
            <Key>Cfg_1</Key>
            <CfgParent>Base</CfgParent>
        </BuildConfiguration>
        <BuildConfiguration Include="Release">
            <Key>Cfg_2</Key>
            <CfgParent>Base</CfgParent>
        </BuildConfiguration>
    </ItemGroup>
    <ProjectExtensions>
        <Borland.Personality>Delphi.Personality.12</Borland.Personality>
        <Borland.ProjectType>Application</Borland.ProjectType>
        <BorlandProject>
            <Delphi.Personality>
                <Source>
                    <Source Name="MainSource">BrowserChooser.dpr</Source>
                </Source>
            </Delphi.Personality>
            <Deployment Version="3">
                <DeployFile LocalName="Win32\Debug\BrowserChooser.exe" Configuration="Debug" Class="ProjectOutput">
                    <Platform Name="Win32">
                        <RemoteName>BrowserChooser.exe</RemoteName>
                        <Overwrite>true</Overwrite>
                    </Platform>
                </DeployFile>
                <DeployClass Name="AdditionalDebugSymbols">
                    <Platform Name="Win32">
                        <RemoteDir>Contents\MacOS</RemoteDir>
                        <Operation>0</Operation>
                    </Platform>
                </DeployClass>
                <DeployClass Name="DebugSymbols">
                    <Platform Name="Win32">
                        <Operation>0</Operation>
                    </Platform>
                </DeployClass>
                <DeployClass Name="DependencyFramework">
                    <Platform Name="Win32">
                        <Operation>0</Operation>
                    </Platform>
                </DeployClass>
                <DeployClass Name="DependencyModule">
                    <Platform Name="Win32">
                        <Operation>0</Operation>
                        <Extensions>.dll;.bpl</Extensions>
                    </Platform>
                </DeployClass>
                <DeployClass Required="true" Name="DependencyPackage">
                    <Platform Name="Win32">
                        <Operation>0</Operation>
                        <Extensions>.bpl</Extensions>
                    </Platform>
                </DeployClass>
                <DeployClass Name="File">
                    <Platform Name="Win32">
                        <Operation>0</Operation>
                    </Platform>
                </DeployClass>
                <DeployClass Required="true" Name="ProjectOutput">
                    <Platform Name="Win32">
                        <Operation>0</Operation>
                    </Platform>
                </DeployClass>
                <DeployClass Name="ProjectUWPManifest">
                    <Platform Name="Win32">
                        <Operation>1</Operation>
                    </Platform>
                    <Platform Name="Win64">
                        <Operation>1</Operation>
                    </Platform>
                </DeployClass>
                <DeployClass Name="UWP_DelphiLogo150">
                    <Platform Name="Win32">
                        <RemoteDir>Assets</RemoteDir>
                        <Operation>1</Operation>
                    </Platform>
                    <Platform Name="Win64">
                        <RemoteDir>Assets</RemoteDir>
                        <Operation>1</Operation>
                    </Platform>
                </DeployClass>
                <DeployClass Name="UWP_DelphiLogo44">
                    <Platform Name="Win32">
                        <RemoteDir>Assets</RemoteDir>
                        <Operation>1</Operation>
                    </Platform>
                    <Platform Name="Win64">
                        <RemoteDir>Assets</RemoteDir>
                        <Operation>1</Operation>
                    </Platform>
                </DeployClass>
                <ProjectRoot Platform="Win32" Name="$(PROJECTNAME)"/>
                <ProjectRoot Platform="Win64" Name="$(PROJECTNAME)"/>
            </Deployment>
            <Platforms>
                <Platform value="Android">False</Platform>
                <Platform value="OSX32">False</Platform>
                <Platform value="Win32">True</Platform>
                <Platform value="Win64">True</Platform>
                <Platform value="iOSDevice32">False</Platform>
                <Platform value="iOSDevice64">False</Platform>
                <Platform value="iOSSimulator">False</Platform>
            </Platforms>
        </BorlandProject>
        <ProjectFileVersion>12</ProjectFileVersion>
    </ProjectExtensions>
    <Import Project="$(BDS)\Bin\CodeGear.Delphi.Targets" Condition="Exists('$(BDS)\Bin\CodeGear.Delphi.Targets')"/>
    <Import Project="$(APPDATA)\Embarcadero\$(BDSAPPDATABASEDIR)\$(PRODUCTVERSION)\UserTools.proj" Condition="Exists('$(APPDATA)\Embarcadero\$(BDSAPPDATABASEDIR)\$(PRODUCTVERSION)\UserTools.proj')"/>
    <Import Project="$(MSBuildProjectName).deployproj" Condition="Exists('$(MSBuildProjectName).deployproj')"/>
</Project>
